langcode: en
status: true
dependencies:
  config:
    - block_content.type.impact_in_action
    - field.storage.paragraph.field_block
    - paragraphs.paragraphs_type.impact_in_action_blocks
id: paragraph.impact_in_action_blocks.field_block
field_name: field_block
entity_type: paragraph
bundle: impact_in_action_blocks
label: Block
description: ''
required: true
translatable: true
default_value: {  }
default_value_callback: ''
settings:
  handler: 'default:block_content'
  handler_settings:
    target_bundles:
      impact_in_action: impact_in_action
    sort:
      field: _none
    auto_create: false
    auto_create_bundle: ''
field_type: entity_reference
