langcode: en
status: true
dependencies:
  module:
    - wri_block
  theme:
    - ts_wrin
id: copyrightblock
theme: ts_wrin
region: footer_right
weight: -5
provider: null
plugin: copyright_block
settings:
  id: copyright_block
  label: 'Copyright block'
  provider: wri_block
  label_display: '0'
  copyright_message: '&copy; [current-date:html_year] World Resources Institute'
visibility: {  }
