langcode: id
status: true
dependencies:
  config:
    - block_content.type.narrative_taxonomy
    - field.storage.paragraph.field_block
    - paragraphs.paragraphs_type.narrative_taxonomy
id: paragraph.narrative_taxonomy.field_block
field_name: field_block
entity_type: paragraph
bundle: narrative_taxonomy
label: Blok
description: ''
required: true
translatable: true
default_value: {  }
default_value_callback: ''
settings:
  handler: 'default:block_content'
  handler_settings:
    target_bundles:
      narrative_taxonomy: narrative_taxonomy
    sort:
      field: _none
    auto_create: true
    auto_create_bundle: ''
field_type: entity_reference
