langcode: en
status: true
dependencies:
  config:
    - block_content.type.person_listing
    - field.storage.paragraph.field_block
    - paragraphs.paragraphs_type.person_listing
id: paragraph.person_listing.field_block
field_name: field_block
entity_type: paragraph
bundle: person_listing
label: Block
description: ''
required: true
translatable: false
default_value: {  }
default_value_callback: ''
settings:
  handler: 'default:block_content'
  handler_settings:
    target_bundles:
      person_listing: person_listing
    sort:
      field: _none
      direction: ASC
    auto_create: false
    auto_create_bundle: ''
field_type: entity_reference
