langcode: en
status: true
dependencies:
  config:
    - block_content.type.image_cta
    - field.storage.paragraph.field_block
    - paragraphs.paragraphs_type.image_cta
id: paragraph.image_cta.field_block
field_name: field_block
entity_type: paragraph
bundle: image_cta
label: Block
description: ''
required: true
translatable: true
default_value: {  }
default_value_callback: ''
settings:
  handler: 'default:block_content'
  handler_settings:
    target_bundles:
      image_cta: image_cta
    sort:
      field: _none
    auto_create: false
    auto_create_bundle: ''
field_type: entity_reference
