langcode: en
status: true
dependencies:
  config:
    - block_content.type.listing_block
    - field.storage.paragraph.field_block
    - paragraphs.paragraphs_type.listing_block
id: paragraph.listing_block.field_block
field_name: field_block
entity_type: paragraph
bundle: listing_block
label: Block
description: ''
required: true
translatable: false
default_value: {  }
default_value_callback: ''
settings:
  handler: 'default:block_content'
  handler_settings:
    target_bundles:
      listing_block: listing_block
    sort:
      field: _none
    auto_create: false
    auto_create_bundle: ''
field_type: entity_reference
